
Microsoft Visual Studio Solution File, Format Version 12.00
# Visual Studio Version 17
VisualStudioVersion = 17.0.31903.59
MinimumVisualStudioVersion = 10.0.40219.1
Project("{2150E333-8FDC-42A3-9474-1A3956D46DE8}") = "src", "src", "{2F2DDCEE-C8D5-432A-B76B-82FA269D17FD}"
EndProject
Project("{FAE04EC0-301F-11D3-BF4B-00C04F79EFBC}") = "GlassFactory.BillTracker.App", "src\GlassFactory.BillTracker.App\GlassFactory.BillTracker.App.csproj", "{5AF3953A-E56D-49C9-9A9B-6ED3B52CE500}"
EndProject
Project("{FAE04EC0-301F-11D3-BF4B-00C04F79EFBC}") = "GlassFactory.BillTracker.Domain", "src\GlassFactory.BillTracker.Domain\GlassFactory.BillTracker.Domain.csproj", "{1313CC85-869F-4E73-A0C6-C9B1AD97C936}"
EndProject
Project("{FAE04EC0-301F-11D3-BF4B-00C04F79EFBC}") = "GlassFactory.BillTracker.Infrastructure", "src\GlassFactory.BillTracker.Infrastructure\GlassFactory.BillTracker.Infrastructure.csproj", "{68FA2DE9-7AFB-4124-BEC0-8CA6D338811C}"
EndProject
Project("{FAE04EC0-301F-11D3-BF4B-00C04F79EFBC}") = "GlassFactory.BillTracker.Data", "src\GlassFactory.BillTracker.Data\GlassFactory.BillTracker.Data.csproj", "{386BF584-7C70-494C-BC5B-D4D5E23A2AEE}"
EndProject
Project("{FAE04EC0-301F-11D3-BF4B-00C04F79EFBC}") = "GlassFactory.BillTracker.App.Win7", "src\GlassFactory.BillTracker.App.Win7\GlassFactory.BillTracker.App.Win7.csproj", "{D7CFB43E-C3B9-4A58-BDF8-029413A1E49D}"
EndProject
Project("{2150E333-8FDC-42A3-9474-1A3956D46DE8}") = "tests", "tests", "{D4B4C95A-8A49-4B96-AF04-D5A57A2BC7C9}"
EndProject
Project("{FAE04EC0-301F-11D3-BF4B-00C04F79EFBC}") = "GlassFactory.BillTracker.Tests", "tests\GlassFactory.BillTracker.Tests\GlassFactory.BillTracker.Tests.csproj", "{65E6FE7A-7BB5-47D1-AEC0-94FDBE1136EB}"
EndProject
Project("{2150E333-8FDC-42A3-9474-1A3956D46DE8}") = "tools", "tools", "{5991DF28-8F8D-4095-B032-D94B8C45E76F}"
EndProject
Project("{FAE04EC0-301F-11D3-BF4B-00C04F79EFBC}") = "GlassFactory.BillTracker.DbSmokeTest", "tools\GlassFactory.BillTracker.DbSmokeTest\GlassFactory.BillTracker.DbSmokeTest.csproj", "{ADFEE6DD-46E2-4C52-BAD4-F544ECB2F28F}"
EndProject
Global
	GlobalSection(SolutionConfigurationPlatforms) = preSolution
		Debug|Any CPU = Debug|Any CPU
		Release|Any CPU = Release|Any CPU
	EndGlobalSection
	GlobalSection(SolutionProperties) = preSolution
		HideSolutionNode = FALSE
	EndGlobalSection
	GlobalSection(ProjectConfigurationPlatforms) = postSolution
		{5AF3953A-E56D-49C9-9A9B-6ED3B52CE500}.Debug|Any CPU.ActiveCfg = Debug|Any CPU
		{5AF3953A-E56D-49C9-9A9B-6ED3B52CE500}.Debug|Any CPU.Build.0 = Debug|Any CPU
		{5AF3953A-E56D-49C9-9A9B-6ED3B52CE500}.Release|Any CPU.ActiveCfg = Release|Any CPU
		{5AF3953A-E56D-49C9-9A9B-6ED3B52CE500}.Release|Any CPU.Build.0 = Release|Any CPU
		{1313CC85-869F-4E73-A0C6-C9B1AD97C936}.Debug|Any CPU.ActiveCfg = Debug|Any CPU
		{1313CC85-869F-4E73-A0C6-C9B1AD97C936}.Debug|Any CPU.Build.0 = Debug|Any CPU
		{1313CC85-869F-4E73-A0C6-C9B1AD97C936}.Release|Any CPU.ActiveCfg = Release|Any CPU
		{1313CC85-869F-4E73-A0C6-C9B1AD97C936}.Release|Any CPU.Build.0 = Release|Any CPU
		{68FA2DE9-7AFB-4124-BEC0-8CA6D338811C}.Debug|Any CPU.ActiveCfg = Debug|Any CPU
		{68FA2DE9-7AFB-4124-BEC0-8CA6D338811C}.Debug|Any CPU.Build.0 = Debug|Any CPU
		{68FA2DE9-7AFB-4124-BEC0-8CA6D338811C}.Release|Any CPU.ActiveCfg = Release|Any CPU
		{68FA2DE9-7AFB-4124-BEC0-8CA6D338811C}.Release|Any CPU.Build.0 = Release|Any CPU
		{386BF584-7C70-494C-BC5B-D4D5E23A2AEE}.Debug|Any CPU.ActiveCfg = Debug|Any CPU
		{386BF584-7C70-494C-BC5B-D4D5E23A2AEE}.Debug|Any CPU.Build.0 = Debug|Any CPU
		{386BF584-7C70-494C-BC5B-D4D5E23A2AEE}.Release|Any CPU.ActiveCfg = Release|Any CPU
		{386BF584-7C70-494C-BC5B-D4D5E23A2AEE}.Release|Any CPU.Build.0 = Release|Any CPU
		{D7CFB43E-C3B9-4A58-BDF8-029413A1E49D}.Debug|Any CPU.ActiveCfg = Debug|Any CPU
		{D7CFB43E-C3B9-4A58-BDF8-029413A1E49D}.Debug|Any CPU.Build.0 = Debug|Any CPU
		{D7CFB43E-C3B9-4A58-BDF8-029413A1E49D}.Release|Any CPU.ActiveCfg = Release|Any CPU
		{D7CFB43E-C3B9-4A58-BDF8-029413A1E49D}.Release|Any CPU.Build.0 = Release|Any CPU
		{65E6FE7A-7BB5-47D1-AEC0-94FDBE1136EB}.Debug|Any CPU.ActiveCfg = Debug|Any CPU
		{65E6FE7A-7BB5-47D1-AEC0-94FDBE1136EB}.Debug|Any CPU.Build.0 = Debug|Any CPU
		{65E6FE7A-7BB5-47D1-AEC0-94FDBE1136EB}.Release|Any CPU.ActiveCfg = Release|Any CPU
		{65E6FE7A-7BB5-47D1-AEC0-94FDBE1136EB}.Release|Any CPU.Build.0 = Release|Any CPU
		{ADFEE6DD-46E2-4C52-BAD4-F544ECB2F28F}.Debug|Any CPU.ActiveCfg = Debug|Any CPU
		{ADFEE6DD-46E2-4C52-BAD4-F544ECB2F28F}.Debug|Any CPU.Build.0 = Debug|Any CPU
		{ADFEE6DD-46E2-4C52-BAD4-F544ECB2F28F}.Release|Any CPU.ActiveCfg = Release|Any CPU
		{ADFEE6DD-46E2-4C52-BAD4-F544ECB2F28F}.Release|Any CPU.Build.0 = Release|Any CPU
	EndGlobalSection
	GlobalSection(NestedProjects) = preSolution
		{5AF3953A-E56D-49C9-9A9B-6ED3B52CE500} = {2F2DDCEE-C8D5-432A-B76B-82FA269D17FD}
		{1313CC85-869F-4E73-A0C6-C9B1AD97C936} = {2F2DDCEE-C8D5-432A-B76B-82FA269D17FD}
		{68FA2DE9-7AFB-4124-BEC0-8CA6D338811C} = {2F2DDCEE-C8D5-432A-B76B-82FA269D17FD}
		{386BF584-7C70-494C-BC5B-D4D5E23A2AEE} = {2F2DDCEE-C8D5-432A-B76B-82FA269D17FD}
		{D7CFB43E-C3B9-4A58-BDF8-029413A1E49D} = {2F2DDCEE-C8D5-432A-B76B-82FA269D17FD}
		{65E6FE7A-7BB5-47D1-AEC0-94FDBE1136EB} = {D4B4C95A-8A49-4B96-AF04-D5A57A2BC7C9}
		{ADFEE6DD-46E2-4C52-BAD4-F544ECB2F28F} = {5991DF28-8F8D-4095-B032-D94B8C45E76F}
	EndGlobalSection
EndGlobal
